
Microsoft Visual Studio Solution File, Format Version 12.00
# Visual Studio Version 16
VisualStudioVersion = 16.0.31205.134
MinimumVisualStudioVersion = 10.0.40219.1
Project("{FAE04EC0-301F-11D3-BF4B-00C04F79EFBC}") = "projetasarım", "projetasarım.csproj", "{1AD5B266-76DE-4C54-B185-48E1912F8CB1}"
EndProject
Global
	GlobalSection(SolutionConfigurationPlatforms) = preSolution
		Debug|Any CPU = Debug|Any CPU
		Release|Any CPU = Release|Any CPU
	EndGlobalSection
	GlobalSection(ProjectConfigurationPlatforms) = postSolution
		{1AD5B266-76DE-4C54-B185-48E1912F8CB1}.Debug|Any CPU.ActiveCfg = Debug|Any CPU
		{1AD5B266-76DE-4C54-B185-48E1912F8CB1}.Debug|Any CPU.Build.0 = Debug|Any CPU
		{1AD5B266-76DE-4C54-B185-48E1912F8CB1}.Release|Any CPU.ActiveCfg = Release|Any CPU
		{1AD5B266-76DE-4C54-B185-48E1912F8CB1}.Release|Any CPU.Build.0 = Release|Any CPU
	EndGlobalSection
	GlobalSection(SolutionProperties) = preSolution
		HideSolutionNode = FALSE
	EndGlobalSection
	GlobalSection(ExtensibilityGlobals) = postSolution
		SolutionGuid = {0127E46F-0FD1-4FC0-8C9D-3F8823043B0A}
	EndGlobalSection
EndGlobal
